
Microsoft Visual Studio Solution File, Format Version 12.00
# Visual Studio Version 16
VisualStudioVersion = 16.0.31702.278
MinimumVisualStudioVersion = 10.0.40219.1
Project("{9A19103F-16F7-4668-BE54-9A1E7A4F7556}") = "odev1-ilker_baltaci", "odev1-ilker_baltaci.csproj", "{C0640F96-D74C-4057-A600-32C24973E386}"
EndProject
Global
	GlobalSection(SolutionConfigurationPlatforms) = preSolution
		Debug|Any CPU = Debug|Any CPU
		Release|Any CPU = Release|Any CPU
	EndGlobalSection
	GlobalSection(ProjectConfigurationPlatforms) = postSolution
		{C0640F96-D74C-4057-A600-32C24973E386}.Debug|Any CPU.ActiveCfg = Debug|Any CPU
		{C0640F96-D74C-4057-A600-32C24973E386}.Debug|Any CPU.Build.0 = Debug|Any CPU
		{C0640F96-D74C-4057-A600-32C24973E386}.Release|Any CPU.ActiveCfg = Release|Any CPU
		{C0640F96-D74C-4057-A600-32C24973E386}.Release|Any CPU.Build.0 = Release|Any CPU
	EndGlobalSection
	GlobalSection(SolutionProperties) = preSolution
		HideSolutionNode = FALSE
	EndGlobalSection
	GlobalSection(ExtensibilityGlobals) = postSolution
		SolutionGuid = {FF84A8AA-1BB3-4EF8-953F-2B7BAC9AEE1C}
	EndGlobalSection
EndGlobal
